
Microsoft Visual Studio Solution File, Format Version 12.00
# Visual Studio Version 17
VisualStudioVersion = 17.3.32825.248
MinimumVisualStudioVersion = 10.0.40219.1
Project("{FAE04EC0-301F-11D3-BF4B-00C04F79EFBC}") = "Laboratory4_Perceptron", "Laboratory4_Perceptron\Laboratory4_Perceptron.csproj", "{285DE7CB-73EF-4521-B008-BE89EC2933EE}"
EndProject
Global
	GlobalSection(SolutionConfigurationPlatforms) = preSolution
		Debug|Any CPU = Debug|Any CPU
		Release|Any CPU = Release|Any CPU
	EndGlobalSection
	GlobalSection(ProjectConfigurationPlatforms) = postSolution
		{285DE7CB-73EF-4521-B008-BE89EC2933EE}.Debug|Any CPU.ActiveCfg = Debug|Any CPU
		{285DE7CB-73EF-4521-B008-BE89EC2933EE}.Debug|Any CPU.Build.0 = Debug|Any CPU
		{285DE7CB-73EF-4521-B008-BE89EC2933EE}.Release|Any CPU.ActiveCfg = Release|Any CPU
		{285DE7CB-73EF-4521-B008-BE89EC2933EE}.Release|Any CPU.Build.0 = Release|Any CPU
	EndGlobalSection
	GlobalSection(SolutionProperties) = preSolution
		HideSolutionNode = FALSE
	EndGlobalSection
	GlobalSection(ExtensibilityGlobals) = postSolution
		SolutionGuid = {3EB0A284-706C-4F43-9859-0374A04CBDB6}
	EndGlobalSection
EndGlobal
